{
  "version": "2",
  "remote": {
    "https://deno.land/std@0.170.0/fmt/colors.ts": "03ad95e543d2808bc43c17a3dd29d25b43d0f16287fe562a0be89bf632454a12",
    "https://deno.land/std@0.182.0/http/http_errors.ts": "b9a18ef97d6c5966964de95e04d1f9f88a0f8bd8577c26fd402d9d632fb03a42",
    "https://deno.land/std@0.182.0/http/http_status.ts": "8a7bcfe3ac025199ad804075385e57f63d055b2aed539d943ccc277616d6f932",
    "https://deno.land/std@0.196.0/assert/assert.ts": "9a97dad6d98c238938e7540736b826440ad8c1c1e54430ca4c4e623e585607ee",
    "https://deno.land/std@0.196.0/assert/assertion_error.ts": "4d0bde9b374dfbcbe8ac23f54f567b77024fb67dbb1906a852d67fe050d42f56",
    "https://deno.land/std@0.196.0/async/abortable.ts": "fd682fa46f3b7b16b4606a5ab52a7ce309434b76f820d3221bdfb862719a15d7",
    "https://deno.land/std@0.196.0/async/deadline.ts": "58f72a3cc0fcb731b2cc055ba046f4b5be3349ff6bf98f2e793c3b969354aab2",
    "https://deno.land/std@0.196.0/async/debounce.ts": "adab11d04ca38d699444ac8a9d9856b4155e8dda2afd07ce78276c01ea5a4332",
    "https://deno.land/std@0.196.0/async/deferred.ts": "42790112f36a75a57db4a96d33974a936deb7b04d25c6084a9fa8a49f135def8",
    "https://deno.land/std@0.196.0/async/delay.ts": "a6142eb44cdd856b645086af2b811b1fcce08ec06bb7d50969e6a872ee9b8659",
    "https://deno.land/std@0.196.0/async/mod.ts": "f04344fa21738e5ad6bea37a6bfffd57c617c2d372bb9f9dcfd118a1b622e576",
    "https://deno.land/std@0.196.0/async/mux_async_iterator.ts": "70c7f2ee4e9466161350473ad61cac0b9f115cff4c552eaa7ef9d50c4cbb4cc9",
    "https://deno.land/std@0.196.0/async/pool.ts": "f1b8d3df4d7fd3c73f8cbc91cc2e8b8e950910f1eab94230b443944d7584c657",
    "https://deno.land/std@0.196.0/async/retry.ts": "296fb9c323e1325a69bee14ba947e7da7409a8dd9dd646d70cb51ea0d301f24e",
    "https://deno.land/std@0.196.0/async/tee.ts": "47e42d35f622650b02234d43803d0383a89eb4387e1b83b5a40106d18ae36757",
    "https://deno.land/std@0.196.0/console/_data.json": "cf2cc9d039a192b3adbfe64627167c7e6212704c888c25c769fc8f1709e1e1b8",
    "https://deno.land/std@0.196.0/console/_rle.ts": "56668d5c44f964f1b4ff93f21c9896df42d6ee4394e814db52d6d13f5bb247c7",
    "https://deno.land/std@0.196.0/console/unicode_width.ts": "10661c0f2eeab802d16b8b85ed8825bbc573991bbfb6affed32dc1ff994f54f9",
    "https://deno.land/std@0.196.0/fmt/colors.ts": "a7eecffdf3d1d54db890723b303847b6e0a1ab4b528ba6958b8f2e754cf1b3bc",
    "https://deno.land/std@0.196.0/http/server.ts": "3cd5a8acc31d3259813ddcfa7dd2fe066952db6763fc7a58b9a026d4b5af9559",
    "https://deno.land/std@0.67.0/_util/assert.ts": "e1f76e77c5ccb5a8e0dbbbe6cce3a56d2556c8cb5a9a8802fc9565af72462149",
    "https://deno.land/std@0.67.0/fs/_util.ts": "68508c05d5a02678179a02beabf2b3eac5b16c5a9cbd1c272686d8101bb2679d",
    "https://deno.land/std@0.67.0/fs/copy.ts": "b562e8f482cb8459bb011cbd769769bbdb4f6bc966effd277c06edbdbe41b72e",
    "https://deno.land/std@0.67.0/fs/empty_dir.ts": "4d706eb01e5d08d862c673200d1978526e485368559fc7fb0f297add68f9cc43",
    "https://deno.land/std@0.67.0/fs/ensure_dir.ts": "54cf0cfb16160857116d1bdff98214ad0189275fe2f089607fdc06c52ac79cc4",
    "https://deno.land/std@0.67.0/fs/ensure_file.ts": "b70eccaee6f41ae226d399ad9c8ebc29beb5dd86fe179d30ab7e681976352baf",
    "https://deno.land/std@0.67.0/fs/ensure_link.ts": "f647cea5c3b65f4a6618444546e9ca891d38f54f7fd4c718fb1fd575b4232213",
    "https://deno.land/std@0.67.0/fs/ensure_symlink.ts": "d472af1507fb920db214f6816522ddc89eefd5800735243873053b2523882ec1",
    "https://deno.land/std@0.67.0/fs/eol.ts": "4a0b2a612e0639b76d9c5fab0392e7bf1a158a7dab191ff7b7564870a1173812",
    "https://deno.land/std@0.67.0/fs/exists.ts": "5429dce6587bfcdde06a7a2a1fd5ad932c17d74ca082e67934fa646cff1d2e57",
    "https://deno.land/std@0.67.0/fs/expand_glob.ts": "07fa1edc468ac32779c709dd047f8067db90ac81db2d8bc4e92b08f5f83907e6",
    "https://deno.land/std@0.67.0/fs/mod.ts": "88bb982130bb86df1cb350619fed4118c4cc439eeced6484330b7255e3a16568",
    "https://deno.land/std@0.67.0/fs/move.ts": "020f56063c66288facbebc7d3c8dd3f309b0949fcaea49e463ccd5217fc82e2c",
    "https://deno.land/std@0.67.0/fs/read_json.ts": "6922a9adc50cd2a7233298fd7b7ad9062d8602a55d4abb2b72d23ef0268b1306",
    "https://deno.land/std@0.67.0/fs/walk.ts": "14423305e71f2db5022bb590a369a63bd30ec48deb44f18bfa5587a0304f5187",
    "https://deno.land/std@0.67.0/fs/write_json.ts": "89a6231f51a6759dfff8f1f5534d030c2239c22fc9f3c0b3305d424f4f1d5604",
    "https://deno.land/std@0.67.0/path/_constants.ts": "aba480c4a2c098b6374fdd5951fea13ecc8aaaf8b8aa4dae1871baa50243d676",
    "https://deno.land/std@0.67.0/path/_interface.ts": "5876f91d35fd42624893a4aaddaee352144e1f46e719f1dde6511bab7c3c1029",
    "https://deno.land/std@0.67.0/path/_util.ts": "f0fa012d40ae9b6acbef03908e534eb11e694de6470fb4d78ea4f38829e735ab",
    "https://deno.land/std@0.67.0/path/common.ts": "e4ec66a7416d56f60331b66e27a8a4f08c7b1cf48e350271cb69754a01cf5c04",
    "https://deno.land/std@0.67.0/path/glob.ts": "43cc45e8649a35a199c4106dfdf66206f46dfd8e2e626a746512c1a1376fde99",
    "https://deno.land/std@0.67.0/path/mod.ts": "6de8885c2534757097818e302becd1cefcbc4c28ac022cc279e612ee04e8cfd1",
    "https://deno.land/std@0.67.0/path/posix.ts": "40c387415fca91b3482214cf74880c415cda90b337bebd2c9d4b62d2097bc146",
    "https://deno.land/std@0.67.0/path/separator.ts": "9dd15d46ff84a16e13554f56af7fee1f85f8d0f379efbbe60ac066a60561f036",
    "https://deno.land/std@0.67.0/path/win32.ts": "9e200471f24fb560d22e74b238133cb75ebb57bead933de1cc5aefed4cda3346",
    "https://deno.land/x/case@v2.1.0/camelCase.ts": "0808961e69e1883c6e94faf85e333196a464ceba46ddc76984d7b8ce9e26a43a",
    "https://deno.land/x/case@v2.1.0/constantCase.ts": "e50eaa8a45cf68417902fda218f03a99e45e2a30f7fce2db325306c84e8c3f0a",
    "https://deno.land/x/case@v2.1.0/dotCase.ts": "ef3977567057e6c2a4e1b5ca09ec34b9e0788c1a50246187c11f435a468be17e",
    "https://deno.land/x/case@v2.1.0/headerCase.ts": "4440a251a196fb6d7090213c39e4c6c50ddecab90c14ec91495bee3563082d3c",
    "https://deno.land/x/case@v2.1.0/lowerCase.ts": "86d5533f9587ed60003181591e40e648838c23f371edfa79d00288153d113b16",
    "https://deno.land/x/case@v2.1.0/lowerFirstCase.ts": "74e8ebe10f3c54a9d8e81d21127a20fcfb34c446e9c49b2a335162babd652de9",
    "https://deno.land/x/case@v2.1.0/mod.ts": "28b0b1329c7b18730799ac05627a433d9547c04b9bfb429116247c60edecd97b",
    "https://deno.land/x/case@v2.1.0/normalCase.ts": "6a8b924da9ab0790d99233ae54bfcfc996d229cb91b2533639fe20972cc33dac",
    "https://deno.land/x/case@v2.1.0/paramCase.ts": "cf3101c59fd4f16ee14fd09985adb7fa3dbfb194f102499986f7407995202394",
    "https://deno.land/x/case@v2.1.0/pascalCase.ts": "f68936d584182c8f4b341238bd9c424b1a740bfba3ab2847234f57a4c205f1df",
    "https://deno.land/x/case@v2.1.0/pathCase.ts": "76e5f437369f8981e17ecdb07870e1c9c8d2d0357f1bf3377e2b0eb132159ed8",
    "https://deno.land/x/case@v2.1.0/sentenceCase.ts": "f3355985a6a41e088c8c9be80219e5e055a68ad9a987df084a57ee437a0871c5",
    "https://deno.land/x/case@v2.1.0/snakeCase.ts": "ee2ab4e2c931d30bb79190d090c21eb5c00d1de1b7a9a3e7f33e035ae431333b",
    "https://deno.land/x/case@v2.1.0/swapCase.ts": "d9b5ee5b8e1ee3d202cbce32a504dde976b9002ed94b4527054a004179905dbb",
    "https://deno.land/x/case@v2.1.0/titleCase.ts": "36d3fc73df58712240a74b04d84191ac22dd2866bef3838b02157f8e46cb0ecb",
    "https://deno.land/x/case@v2.1.0/types.ts": "8e2bd6edaa27c0d1972c0d5b76698564740f37b4d3787d58d1fb5f48de611e61",
    "https://deno.land/x/case@v2.1.0/upperCase.ts": "e6a1a3dea30e17013aa212ec237b35e2dd5c5c0b1501778c07db66ff0bbe4372",
    "https://deno.land/x/case@v2.1.0/upperFirstCase.ts": "2b083db95744105a4f4accefe66dcd09390634514abf757fc580a7ebad58bf4f",
    "https://deno.land/x/case@v2.1.0/vendor/camelCaseRegexp.ts": "7d9ff02aad4ab6429eeab7c7353f7bcdd6cc5909a8bd3dda97918c8bbb7621ae",
    "https://deno.land/x/case@v2.1.0/vendor/camelCaseUpperRegexp.ts": "292de54a698370f90adcdf95727993d09888b7f33d17f72f8e54ba75f7791787",
    "https://deno.land/x/case@v2.1.0/vendor/nonWordRegexp.ts": "c1a052629a694144b48c66b0175a22a83f4d61cb40f4e45293fc5d6b123f927e",
    "https://deno.land/x/cliffy@v0.25.7/_utils/distance.ts": "02af166952c7c358ac83beae397aa2fbca4ad630aecfcd38d92edb1ea429f004",
    "https://deno.land/x/cliffy@v0.25.7/command/_errors.ts": "a9bd23dc816b32ec96c9b8f3057218241778d8c40333b43341138191450965e5",
    "https://deno.land/x/cliffy@v0.25.7/command/_utils.ts": "9ab3d69fabab6c335b881b8a5229cbd5db0c68f630a1c307aff988b6396d9baf",
    "https://deno.land/x/cliffy@v0.25.7/command/command.ts": "a2b83c612acd65c69116f70dec872f6da383699b83874b70fcf38cddf790443f",
    "https://deno.land/x/cliffy@v0.25.7/command/completions/_bash_completions_generator.ts": "43b4abb543d4dc60233620d51e69d82d3b7c44e274e723681e0dce2a124f69f9",
    "https://deno.land/x/cliffy@v0.25.7/command/completions/_fish_completions_generator.ts": "d0289985f5cf0bd288c05273bfa286b24c27feb40822eb7fd9d7fee64e6580e8",
    "https://deno.land/x/cliffy@v0.25.7/command/completions/_zsh_completions_generator.ts": "14461eb274954fea4953ee75938821f721da7da607dc49bcc7db1e3f33a207bd",
    "https://deno.land/x/cliffy@v0.25.7/command/completions/bash.ts": "053aa2006ec327ccecacb00ba28e5eb836300e5c1bec1b3cfaee9ddcf8189756",
    "https://deno.land/x/cliffy@v0.25.7/command/completions/complete.ts": "58df61caa5e6220ff2768636a69337923ad9d4b8c1932aeb27165081c4d07d8b",
    "https://deno.land/x/cliffy@v0.25.7/command/completions/fish.ts": "9938beaa6458c6cf9e2eeda46a09e8cd362d4f8c6c9efe87d3cd8ca7477402a5",
    "https://deno.land/x/cliffy@v0.25.7/command/completions/mod.ts": "aeef7ec8e319bb157c39a4bab8030c9fe8fa327b4c1e94c9c1025077b45b40c0",
    "https://deno.land/x/cliffy@v0.25.7/command/completions/zsh.ts": "8b04ab244a0b582f7927d405e17b38602428eeb347a9968a657e7ea9f40e721a",
    "https://deno.land/x/cliffy@v0.25.7/command/deprecated.ts": "bbe6670f1d645b773d04b725b8b8e7814c862c9f1afba460c4d599ffe9d4983c",
    "https://deno.land/x/cliffy@v0.25.7/command/deps.ts": "275b964ce173770bae65f6b8ebe9d2fd557dc10292cdd1ed3db1735f0d77fa1d",
    "https://deno.land/x/cliffy@v0.25.7/command/help/_help_generator.ts": "f7c349cb2ddb737e70dc1f89bcb1943ca9017a53506be0d4138e0aadb9970a49",
    "https://deno.land/x/cliffy@v0.25.7/command/help/mod.ts": "09d74d3eb42d21285407cda688074c29595d9c927b69aedf9d05ff3f215820d3",
    "https://deno.land/x/cliffy@v0.25.7/command/mod.ts": "d0a32df6b14028e43bb2d41fa87d24bc00f9662a44e5a177b3db02f93e473209",
    "https://deno.land/x/cliffy@v0.25.7/command/type.ts": "24e88e3085e1574662b856ccce70d589959648817135d4469fab67b9cce1b364",
    "https://deno.land/x/cliffy@v0.25.7/command/types.ts": "ae02eec0ed7a769f7dba2dd5d3a931a61724b3021271b1b565cf189d9adfd4a0",
    "https://deno.land/x/cliffy@v0.25.7/command/types/action_list.ts": "33c98d449617c7a563a535c9ceb3741bde9f6363353fd492f90a74570c611c27",
    "https://deno.land/x/cliffy@v0.25.7/command/types/boolean.ts": "3879ec16092b4b5b1a0acb8675f8c9250c0b8a972e1e4c7adfba8335bd2263ed",
    "https://deno.land/x/cliffy@v0.25.7/command/types/child_command.ts": "f1fca390c7fbfa7a713ca15ef55c2c7656bcbb394d50e8ef54085bdf6dc22559",
    "https://deno.land/x/cliffy@v0.25.7/command/types/command.ts": "325d0382e383b725fd8d0ef34ebaeae082c5b76a1f6f2e843fee5dbb1a4fe3ac",
    "https://deno.land/x/cliffy@v0.25.7/command/types/enum.ts": "2178345972adf7129a47e5f02856ca3e6852a91442a1c78307dffb8a6a3c6c9f",
    "https://deno.land/x/cliffy@v0.25.7/command/types/file.ts": "8618f16ac9015c8589cbd946b3de1988cc4899b90ea251f3325c93c46745140e",
    "https://deno.land/x/cliffy@v0.25.7/command/types/integer.ts": "29864725fd48738579d18123d7ee78fed37515e6dc62146c7544c98a82f1778d",
    "https://deno.land/x/cliffy@v0.25.7/command/types/number.ts": "aeba96e6f470309317a16b308c82e0e4138a830ec79c9877e4622c682012bc1f",
    "https://deno.land/x/cliffy@v0.25.7/command/types/string.ts": "e4dadb08a11795474871c7967beab954593813bb53d9f69ea5f9b734e43dc0e0",
    "https://deno.land/x/cliffy@v0.25.7/command/upgrade/mod.ts": "17e2df3b620905583256684415e6c4a31e8de5c59066eb6d6c9c133919292dc4",
    "https://deno.land/x/cliffy@v0.25.7/command/upgrade/provider.ts": "d6fb846043232cbd23c57d257100c7fc92274984d75a5fead0f3e4266dc76ab8",
    "https://deno.land/x/cliffy@v0.25.7/command/upgrade/provider/deno_land.ts": "24f8d82e38c51e09be989f30f8ad21f9dd41ac1bb1973b443a13883e8ba06d6d",
    "https://deno.land/x/cliffy@v0.25.7/command/upgrade/provider/github.ts": "99e1b133dd446c6aa79f69e69c46eb8bc1c968dd331c2a7d4064514a317c7b59",
    "https://deno.land/x/cliffy@v0.25.7/command/upgrade/provider/nest_land.ts": "0e07936cea04fa41ac9297f32d87f39152ea873970c54cb5b4934b12fee1885e",
    "https://deno.land/x/cliffy@v0.25.7/command/upgrade/upgrade_command.ts": "3640a287d914190241ea1e636774b1b4b0e1828fa75119971dd5304784061e05",
    "https://deno.land/x/cliffy@v0.25.7/flags/_errors.ts": "f1fbb6bfa009e7950508c9d491cfb4a5551027d9f453389606adb3f2327d048f",
    "https://deno.land/x/cliffy@v0.25.7/flags/_utils.ts": "340d3ecab43cde9489187e1f176504d2c58485df6652d1cdd907c0e9c3ce4cc2",
    "https://deno.land/x/cliffy@v0.25.7/flags/_validate_flags.ts": "16eb5837986c6f6f7620817820161a78d66ce92d690e3697068726bbef067452",
    "https://deno.land/x/cliffy@v0.25.7/flags/deprecated.ts": "a72a35de3cc7314e5ebea605ca23d08385b218ef171c32a3f135fb4318b08126",
    "https://deno.land/x/cliffy@v0.25.7/flags/flags.ts": "68a9dfcacc4983a84c07ba19b66e5e9fccd04389fad215210c60fb414cc62576",
    "https://deno.land/x/cliffy@v0.25.7/flags/types.ts": "7452ea5296758fb7af89930349ce40d8eb9a43b24b3f5759283e1cb5113075fd",
    "https://deno.land/x/cliffy@v0.25.7/flags/types/boolean.ts": "4c026dd66ec9c5436860dc6d0241427bdb8d8e07337ad71b33c08193428a2236",
    "https://deno.land/x/cliffy@v0.25.7/flags/types/integer.ts": "b60d4d590f309ddddf066782d43e4dc3799f0e7d08e5ede7dc62a5ee94b9a6d9",
    "https://deno.land/x/cliffy@v0.25.7/flags/types/number.ts": "610936e2d29de7c8c304b65489a75ebae17b005c6122c24e791fbed12444d51e",
    "https://deno.land/x/cliffy@v0.25.7/flags/types/string.ts": "e89b6a5ce322f65a894edecdc48b44956ec246a1d881f03e97bbda90dd8638c5",
    "https://deno.land/x/cliffy@v0.25.7/table/border.ts": "2514abae4e4f51eda60a5f8c927ba24efd464a590027e900926b38f68e01253c",
    "https://deno.land/x/cliffy@v0.25.7/table/cell.ts": "1d787d8006ac8302020d18ec39f8d7f1113612c20801b973e3839de9c3f8b7b3",
    "https://deno.land/x/cliffy@v0.25.7/table/deps.ts": "5b05fa56c1a5e2af34f2103fd199e5f87f0507549963019563eae519271819d2",
    "https://deno.land/x/cliffy@v0.25.7/table/layout.ts": "46bf10ae5430cf4fbb92f23d588230e9c6336edbdb154e5c9581290562b169f4",
    "https://deno.land/x/cliffy@v0.25.7/table/row.ts": "5f519ba7488d2ef76cbbf50527f10f7957bfd668ce5b9169abbc44ec88302645",
    "https://deno.land/x/cliffy@v0.25.7/table/table.ts": "ec204c9d08bb3ff1939c5ac7412a4c9ed7d00925d4fc92aff9bfe07bd269258d",
    "https://deno.land/x/cliffy@v0.25.7/table/utils.ts": "187bb7dcbcfb16199a5d906113f584740901dfca1007400cba0df7dcd341bc29",
    "https://deno.land/x/cliffy@v1.0.0-rc.3/_utils/distance.ts": "02af166952c7c358ac83beae397aa2fbca4ad630aecfcd38d92edb1ea429f004",
    "https://deno.land/x/cliffy@v1.0.0-rc.3/command/_argument_types.ts": "ab269dacea2030f865a07c2a1e953ec437a64419a05bad1f1ddaab3f99752ead",
    "https://deno.land/x/cliffy@v1.0.0-rc.3/command/_errors.ts": "12d513ff401020287a344e0830e1297ce1c80c077ecb91e0ac5db44d04a6019c",
    "https://deno.land/x/cliffy@v1.0.0-rc.3/command/_spread.ts": "0cc6eb70a6df97b5d7d26008822d39f3e8a1232ee0a27f395aa19e68de738245",
    "https://deno.land/x/cliffy@v1.0.0-rc.3/command/_type_utils.ts": "820004a59bc858e355b11f80e5b3ff1be2c87e66f31f53f253610170795602f0",
    "https://deno.land/x/cliffy@v1.0.0-rc.3/command/_utils.ts": "3c88ff4f36eba298beb07de08068fdce5e5cb7b9d82c8a319f09596d8279be64",
    "https://deno.land/x/cliffy@v1.0.0-rc.3/command/command.ts": "ae690745759524082776b7f271f66d5b93933170b1b132f888bd4ac12e9fdd7d",
    "https://deno.land/x/cliffy@v1.0.0-rc.3/command/completions/_bash_completions_generator.ts": "0c6cb1df4d378d22f001155781d97a9c3519fd10c48187a198fef2cc63b0f84a",
    "https://deno.land/x/cliffy@v1.0.0-rc.3/command/completions/_fish_completions_generator.ts": "8ba4455f7f76a756e05c3db4ce35332b2951af65a2891f2750b530e06880f495",
    "https://deno.land/x/cliffy@v1.0.0-rc.3/command/completions/_zsh_completions_generator.ts": "c74525feaf570fe8c14433c30d192622c25603f1fc64694ef69f2a218b41f230",
    "https://deno.land/x/cliffy@v1.0.0-rc.3/command/completions/bash.ts": "53fe78994eb2359110dc4fa79235bdd86800a38c1d6b1c4fe673c81756f3a0e2",
    "https://deno.land/x/cliffy@v1.0.0-rc.3/command/completions/complete.ts": "58df61caa5e6220ff2768636a69337923ad9d4b8c1932aeb27165081c4d07d8b",
    "https://deno.land/x/cliffy@v1.0.0-rc.3/command/completions/completions_command.ts": "506f97f1c6b0b1c3e9956e5069070028b818942310600d4157f64c9b644d3c49",
    "https://deno.land/x/cliffy@v1.0.0-rc.3/command/completions/fish.ts": "6f0b44b4067740b2931c9ec8863b6619b1d3410fea0c5a3988525a4c53059197",
    "https://deno.land/x/cliffy@v1.0.0-rc.3/command/completions/mod.ts": "8dda715ca25f3f66d5ec232b76d7c9a96dd4c64b5029feff91738cc0c9586fb1",
    "https://deno.land/x/cliffy@v1.0.0-rc.3/command/completions/zsh.ts": "f1263c3946975e090d4aadc8681db811d86b52a8ae680f246e03248025885c21",
    "https://deno.land/x/cliffy@v1.0.0-rc.3/command/deprecated.ts": "bbe6670f1d645b773d04b725b8b8e7814c862c9f1afba460c4d599ffe9d4983c",
    "https://deno.land/x/cliffy@v1.0.0-rc.3/command/deps.ts": "7473ebd5625bf901becd7ff80afdde3b8a50ae5d1bbfa2f43805cfacf4559d5a",
    "https://deno.land/x/cliffy@v1.0.0-rc.3/command/help/_help_generator.ts": "532dd4a928baab8b45ce46bb6d20e2ebacfdf3da141ce9d12da796652b1de478",
    "https://deno.land/x/cliffy@v1.0.0-rc.3/command/help/help_command.ts": "fbbf0c0827dd21d3cec7bcc68c00c20b55f53e2b621032891b9d23ac4191231c",
    "https://deno.land/x/cliffy@v1.0.0-rc.3/command/help/mod.ts": "8369b292761dcc9ddaf41f2d34bfb06fb6800b69efe80da4fc9752c3b890275b",
    "https://deno.land/x/cliffy@v1.0.0-rc.3/command/mod.ts": "4b708df1b97152522bee0e3828f06abbbc1d2250168910e5cf454950d7b7404b",
    "https://deno.land/x/cliffy@v1.0.0-rc.3/command/type.ts": "f588f5d9635b79100044e62aced4b00e510e75b83801f9b089c40c2d98674de2",
    "https://deno.land/x/cliffy@v1.0.0-rc.3/command/types.ts": "bc9ff7459b9cc1079eeb95ff101690a51b4b4afa4af5623340076ee361d08dbb",
    "https://deno.land/x/cliffy@v1.0.0-rc.3/command/types/action_list.ts": "33c98d449617c7a563a535c9ceb3741bde9f6363353fd492f90a74570c611c27",
    "https://deno.land/x/cliffy@v1.0.0-rc.3/command/types/boolean.ts": "3879ec16092b4b5b1a0acb8675f8c9250c0b8a972e1e4c7adfba8335bd2263ed",
    "https://deno.land/x/cliffy@v1.0.0-rc.3/command/types/child_command.ts": "f1fca390c7fbfa7a713ca15ef55c2c7656bcbb394d50e8ef54085bdf6dc22559",
    "https://deno.land/x/cliffy@v1.0.0-rc.3/command/types/command.ts": "325d0382e383b725fd8d0ef34ebaeae082c5b76a1f6f2e843fee5dbb1a4fe3ac",
    "https://deno.land/x/cliffy@v1.0.0-rc.3/command/types/enum.ts": "8a7cd2898e03089234083bb78c8b1d9b7172254c53c32d4710321638165a48ec",
    "https://deno.land/x/cliffy@v1.0.0-rc.3/command/types/file.ts": "8618f16ac9015c8589cbd946b3de1988cc4899b90ea251f3325c93c46745140e",
    "https://deno.land/x/cliffy@v1.0.0-rc.3/command/types/integer.ts": "29864725fd48738579d18123d7ee78fed37515e6dc62146c7544c98a82f1778d",
    "https://deno.land/x/cliffy@v1.0.0-rc.3/command/types/number.ts": "aeba96e6f470309317a16b308c82e0e4138a830ec79c9877e4622c682012bc1f",
    "https://deno.land/x/cliffy@v1.0.0-rc.3/command/types/string.ts": "e4dadb08a11795474871c7967beab954593813bb53d9f69ea5f9b734e43dc0e0",
    "https://deno.land/x/cliffy@v1.0.0-rc.3/command/upgrade/_check_version.ts": "6cfa7dc26bc0dc46381500e8d4b130fb224f4c5456152dada15bd3793edca89b",
    "https://deno.land/x/cliffy@v1.0.0-rc.3/command/upgrade/mod.ts": "4eff69c489467be17dea27fb95a795396111ee385d170ac0cbcc82f0ea38156c",
    "https://deno.land/x/cliffy@v1.0.0-rc.3/command/upgrade/provider.ts": "c23253334097dc4b8a147ccdeb3aa44f5a95aa953a6386cb5396f830d95d77a5",
    "https://deno.land/x/cliffy@v1.0.0-rc.3/command/upgrade/provider/deno_land.ts": "24f8d82e38c51e09be989f30f8ad21f9dd41ac1bb1973b443a13883e8ba06d6d",
    "https://deno.land/x/cliffy@v1.0.0-rc.3/command/upgrade/provider/github.ts": "99e1b133dd446c6aa79f69e69c46eb8bc1c968dd331c2a7d4064514a317c7b59",
    "https://deno.land/x/cliffy@v1.0.0-rc.3/command/upgrade/provider/nest_land.ts": "0e07936cea04fa41ac9297f32d87f39152ea873970c54cb5b4934b12fee1885e",
    "https://deno.land/x/cliffy@v1.0.0-rc.3/command/upgrade/upgrade_command.ts": "3640a287d914190241ea1e636774b1b4b0e1828fa75119971dd5304784061e05",
    "https://deno.land/x/cliffy@v1.0.0-rc.3/flags/_errors.ts": "f1fbb6bfa009e7950508c9d491cfb4a5551027d9f453389606adb3f2327d048f",
    "https://deno.land/x/cliffy@v1.0.0-rc.3/flags/_utils.ts": "340d3ecab43cde9489187e1f176504d2c58485df6652d1cdd907c0e9c3ce4cc2",
    "https://deno.land/x/cliffy@v1.0.0-rc.3/flags/_validate_flags.ts": "e60b9038c0136ab7e6bd1baf0e993a07bf23f18afbfb6e12c59adf665a622957",
    "https://deno.land/x/cliffy@v1.0.0-rc.3/flags/deprecated.ts": "a72a35de3cc7314e5ebea605ca23d08385b218ef171c32a3f135fb4318b08126",
    "https://deno.land/x/cliffy@v1.0.0-rc.3/flags/flags.ts": "3e62c4a9756b5705aada29e7e94847001356b3a83cd18ad56f4207387a71cf51",
    "https://deno.land/x/cliffy@v1.0.0-rc.3/flags/types.ts": "9e2f75edff2217d972fc711a21676a59dfd88378da2f1ace440ea84c07db1dcc",
    "https://deno.land/x/cliffy@v1.0.0-rc.3/flags/types/boolean.ts": "4c026dd66ec9c5436860dc6d0241427bdb8d8e07337ad71b33c08193428a2236",
    "https://deno.land/x/cliffy@v1.0.0-rc.3/flags/types/integer.ts": "b60d4d590f309ddddf066782d43e4dc3799f0e7d08e5ede7dc62a5ee94b9a6d9",
    "https://deno.land/x/cliffy@v1.0.0-rc.3/flags/types/number.ts": "610936e2d29de7c8c304b65489a75ebae17b005c6122c24e791fbed12444d51e",
    "https://deno.land/x/cliffy@v1.0.0-rc.3/flags/types/string.ts": "e89b6a5ce322f65a894edecdc48b44956ec246a1d881f03e97bbda90dd8638c5",
    "https://deno.land/x/cliffy@v1.0.0-rc.3/table/_layout.ts": "e4a518da28333de95ad791208b9930025987c8b93d5f8b7f30b377b3e26b24e1",
    "https://deno.land/x/cliffy@v1.0.0-rc.3/table/_utils.ts": "fd48d1a524a42e72aa3ad2eec858a92f5a00728d306c7e8436fba6c34314fee6",
    "https://deno.land/x/cliffy@v1.0.0-rc.3/table/border.ts": "5c6e9ef5078c6930169aacb668b274bdbb498461c724a7693ac9270fe9d3f5d5",
    "https://deno.land/x/cliffy@v1.0.0-rc.3/table/cell.ts": "1ffabd43b6b7fddfac9625cb0d015532e144702a9bfed03b358b79375115d06b",
    "https://deno.land/x/cliffy@v1.0.0-rc.3/table/column.ts": "cf14009f2cb14bad156f879946186c1893acdc6a2fee6845db152edddb6a2714",
    "https://deno.land/x/cliffy@v1.0.0-rc.3/table/consume_words.ts": "456e75755fdf6966abdefb8b783df2855e2a8bad6ddbdf21bd748547c5fc1d4b",
    "https://deno.land/x/cliffy@v1.0.0-rc.3/table/deps.ts": "1226c4d39d53edc81d7c3e661fb8a79f2e704937c276c60355cd4947a0fe9153",
    "https://deno.land/x/cliffy@v1.0.0-rc.3/table/row.ts": "79eb1468aafdd951e5963898cdafe0752d4ab4c519d5f847f3d8ecb8fe857d4f",
    "https://deno.land/x/cliffy@v1.0.0-rc.3/table/table.ts": "298671e72e61f1ab18b42ae36643181993f79e29b39dc411fdc6ffd53aa04684",
    "https://deno.land/x/deno_slack_api@2.1.0/api-proxy.ts": "20cf2ec33071e0b7a319a3fb9c8f8440a891f71bc780097e9000f66bbeaa7ab5",
    "https://deno.land/x/deno_slack_api@2.1.0/base-client.ts": "1b2a785b7a17696138840007d7346454934e50c13fdf5a2f8f510c2429693901",
    "https://deno.land/x/deno_slack_api@2.1.0/deps.ts": "08464f9559b222b04aa0ee26790567941e2c4f7b3a80478b903524cb5beeda6f",
    "https://deno.land/x/deno_slack_api@2.1.0/generated/method-types/admin.ts": "3564a56c3b24ca9e983e6c9e23e27916f975387ad29c820ac5264861b035fa37",
    "https://deno.land/x/deno_slack_api@2.1.0/generated/method-types/api.ts": "b6e55651d5361c8014456ce7298577e24cc7f0e5b5778db7aa39b4bc52f6be6e",
    "https://deno.land/x/deno_slack_api@2.1.0/generated/method-types/apps.ts": "71a560384acc883de891499dd915209ed8fd99326649f649884c53c5f3fa7d8b",
    "https://deno.land/x/deno_slack_api@2.1.0/generated/method-types/auth.ts": "cdea87a7830ba10e0a764b9109e478ab6165d23a5ca74a865d7b4977c2e1b9a9",
    "https://deno.land/x/deno_slack_api@2.1.0/generated/method-types/bookmarks.ts": "1aad44f0727a7eaa0280ab6a27a663a8a70c978ba634ac00bff762f081cd81bc",
    "https://deno.land/x/deno_slack_api@2.1.0/generated/method-types/bots.ts": "0e2699db5370df05cae2346ea007f608935125bc4a606862362b5f058f6bab48",
    "https://deno.land/x/deno_slack_api@2.1.0/generated/method-types/calls.ts": "3eb2999441efe068abd5e68442d314db26258c5279b2ce678cc2b59187679417",
    "https://deno.land/x/deno_slack_api@2.1.0/generated/method-types/chat.ts": "696f7cb7cc3973a18778a0145e6682a6b93f9671d6f471dafe12dce7574d123d",
    "https://deno.land/x/deno_slack_api@2.1.0/generated/method-types/conversations.ts": "04a058fd888e6eab360601c4878b49c32d626839bea791f9647d04558025b5e6",
    "https://deno.land/x/deno_slack_api@2.1.0/generated/method-types/dialog.ts": "875b2b8d127917a66b6e724d1de748657f18740c144e9a86c9a6ccbb555fe6cf",
    "https://deno.land/x/deno_slack_api@2.1.0/generated/method-types/dnd.ts": "745eb9579e9411bd293becd9afbc2e9081023e11326630b958eefecb3205ccc3",
    "https://deno.land/x/deno_slack_api@2.1.0/generated/method-types/emoji.ts": "564f752d28daac5843be7a43476a3c5aae23ce638532fe2522ab4159e3d7ab3a",
    "https://deno.land/x/deno_slack_api@2.1.0/generated/method-types/enterprise.ts": "5fa4016840d30c72e0f2581878f6a950f4cac006f82c956d12ed9898b61dabd0",
    "https://deno.land/x/deno_slack_api@2.1.0/generated/method-types/files.ts": "ee55b623452d87f370c2149bdcc903880115858a67786fc7ea55a2fe3a04c817",
    "https://deno.land/x/deno_slack_api@2.1.0/generated/method-types/migration.ts": "330a286b193af03481051f7404e6c6bdc5a9878208440219914cd648f27b7ab8",
    "https://deno.land/x/deno_slack_api@2.1.0/generated/method-types/mod.ts": "b056fe92ae54fc5dbd8a56e3eabb915d0a0f118a15058ce53a6cb2cf6f7652d6",
    "https://deno.land/x/deno_slack_api@2.1.0/generated/method-types/oauth.ts": "a46048f7e2776798ecb57ab7b5d56c254b211030cb11a79d2354a90f3687473f",
    "https://deno.land/x/deno_slack_api@2.1.0/generated/method-types/openid.ts": "4fa53dff20dd1ab9fa824829ad6319c1432aef8fcdd87279bc75d44a5132f4d3",
    "https://deno.land/x/deno_slack_api@2.1.0/generated/method-types/pins.ts": "f5aaa7c8228fcd7d75d947c3b71c95c7c92eba473fd82ed457a42d30a2e7b93b",
    "https://deno.land/x/deno_slack_api@2.1.0/generated/method-types/reactions.ts": "4440795f4b6a05729bcccbdf409c885969e944104c3d5f92de03f4d2283c1aac",
    "https://deno.land/x/deno_slack_api@2.1.0/generated/method-types/reminders.ts": "b563c146e274fe13057033048efb13a1886b6e61a0bf44fb159a42fc7ff77fe1",
    "https://deno.land/x/deno_slack_api@2.1.0/generated/method-types/rtm.ts": "9235c6a110e1f05b136b8dbc0d4de5e122ebc45420d8a2c586462b84b26886b9",
    "https://deno.land/x/deno_slack_api@2.1.0/generated/method-types/search.ts": "f5a7544ec45c1676acc77407616b2d8d8d3e1a511a3e4ffda93555f0c9ae5893",
    "https://deno.land/x/deno_slack_api@2.1.0/generated/method-types/stars.ts": "c91f4154e907ea92fffd0e4834d1c9b0a919d23e89d6fe90d9f69b3f226b4b9f",
    "https://deno.land/x/deno_slack_api@2.1.0/generated/method-types/team.ts": "c81f51688d1ddbf02686232cdf84b53f46551875544924dcbced60531ac6b035",
    "https://deno.land/x/deno_slack_api@2.1.0/generated/method-types/tooling.ts": "ec30c6fd91d05afb915d5851dae4bb4a742db1d40ed5fcc71a400d6deb2264b6",
    "https://deno.land/x/deno_slack_api@2.1.0/generated/method-types/usergroups.ts": "56e1c2827230443d27ee585d5c5629dd7024730c399969d0b70fa3bd8d64c1c6",
    "https://deno.land/x/deno_slack_api@2.1.0/generated/method-types/users.ts": "a1914f5e1a75363b645ee576168276aac79e59c6938bb5494ddd097bb83947a2",
    "https://deno.land/x/deno_slack_api@2.1.0/generated/method-types/views.ts": "12ed9848a217b3ca83dd1378414c62a305711c7937635aed2bcc8af8838bcd75",
    "https://deno.land/x/deno_slack_api@2.1.0/generated/method-types/workflows.ts": "92a3a8f8bc6a7c121d4a7435eadc02e42a5d8a308709fdfddc5ae3c4fe373045",
    "https://deno.land/x/deno_slack_api@2.1.0/mod.ts": "89bd1fa9b06014571653140fc2fb77789f3c52e6548960909bbe95887300cba2",
    "https://deno.land/x/deno_slack_api@2.1.0/type-helpers.ts": "0b60b05f32096c8e1df045864cdca7bdb58acc68716076cf218dfe09a2677066",
    "https://deno.land/x/deno_slack_api@2.1.0/typed-method-types/apps.ts": "a122fca18dd6f100480c37dcc749f74dd9ffbe510613c314d4bca01360cf3a14",
    "https://deno.land/x/deno_slack_api@2.1.0/typed-method-types/chat.ts": "102ffc03b2119afd94a3b181c37e29a39a707c39cb953bdfa784bd854bdfbe52",
    "https://deno.land/x/deno_slack_api@2.1.0/typed-method-types/functions.ts": "ef359a596a548546b8d3be25ef6bedec65ecb53f35ffaf2c6d04c031b12c7ac5",
    "https://deno.land/x/deno_slack_api@2.1.0/typed-method-types/mod.ts": "0be3dd3832e49ea2e87bbc350d156d508fa6ebbcad8cd7f8d2279bebcfa751de",
    "https://deno.land/x/deno_slack_api@2.1.0/typed-method-types/workflows/mod.ts": "be33a1bd8a4df3bf58ca404d2ed7ed2df95abd989b14c14782861c37f8200925",
    "https://deno.land/x/deno_slack_api@2.1.0/typed-method-types/workflows/triggers/base_response.ts": "f1a77f2c163dcbb3ac2414acddc72be6dfa24d5f1e3623423752ad45a8c97572",
    "https://deno.land/x/deno_slack_api@2.1.0/typed-method-types/workflows/triggers/event-data/app_mentioned.ts": "3d2be5fef0cfc65cbe0ea4f1b858fab0b08fb7d5a88794d4eed65c4a51b14e70",
    "https://deno.land/x/deno_slack_api@2.1.0/typed-method-types/workflows/triggers/event-data/channel_archived.ts": "85dd0437c73cfa0efc31c3c54fa1d0075fdaadeedaa0201764f8ead486a360ca",
    "https://deno.land/x/deno_slack_api@2.1.0/typed-method-types/workflows/triggers/event-data/channel_created.ts": "65f0a1663b92b6d17a0d48500af099b629f68774c90845f977946d3c4f0de390",
    "https://deno.land/x/deno_slack_api@2.1.0/typed-method-types/workflows/triggers/event-data/channel_deleted.ts": "5b34f2abd50475320f7067047e765079eaad41e8094788a8ceda6b0500068d70",
    "https://deno.land/x/deno_slack_api@2.1.0/typed-method-types/workflows/triggers/event-data/channel_renamed.ts": "91fcadaa21d769d036aa18f1942dadfe5571dea8f15f487979be76f02a9854ff",
    "https://deno.land/x/deno_slack_api@2.1.0/typed-method-types/workflows/triggers/event-data/channel_shared.ts": "d3b73a08eefb8761662b3c1519c3d7bd9a73b0f1ebf081b47cda2bda3db043e7",
    "https://deno.land/x/deno_slack_api@2.1.0/typed-method-types/workflows/triggers/event-data/channel_unarchived.ts": "2875492e199e88407cbedf3817df817d0fcf4511f2a837dbdced49766ce04da0",
    "https://deno.land/x/deno_slack_api@2.1.0/typed-method-types/workflows/triggers/event-data/channel_unshared.ts": "77c96f10ac753d8f444856486642a59bf010dcc19b79baf9dfa927b88ce45b06",
    "https://deno.land/x/deno_slack_api@2.1.0/typed-method-types/workflows/triggers/event-data/common-objects/shared_channel_invite.ts": "6d9f6cf86f16daf6d17fb3441bccc8c3988f3e62d27d9aac9fec35f3e5be223e",
    "https://deno.land/x/deno_slack_api@2.1.0/typed-method-types/workflows/triggers/event-data/dnd_updated.ts": "6607a1073789572f202c8f35673b8c2cfe8eebea015a367bde8a404b959be11b",
    "https://deno.land/x/deno_slack_api@2.1.0/typed-method-types/workflows/triggers/event-data/emoji_changed.ts": "20021a60ddc24fa0e9baac0ecd86d80c26069cbf805451bd3e6fd6982a65823c",
    "https://deno.land/x/deno_slack_api@2.1.0/typed-method-types/workflows/triggers/event-data/message_metadata_posted.ts": "fd6c2c81252e1ecff28c28820b65fbe5eff6ab4adba795ca559bde9a0cc7d8d2",
    "https://deno.land/x/deno_slack_api@2.1.0/typed-method-types/workflows/triggers/event-data/message_posted.ts": "c8b136961f89b60b049f5843586669828d53eccbf08b0fd75b958e4100e0e1bf",
    "https://deno.land/x/deno_slack_api@2.1.0/typed-method-types/workflows/triggers/event-data/mod.ts": "b9d639c048e76b7fca4ec952e9f660f3ea3fbff32ae03611c56a0297a01dce20",
    "https://deno.land/x/deno_slack_api@2.1.0/typed-method-types/workflows/triggers/event-data/pin_added.ts": "16502aca5930e6ebff979821b4c3ba413a2da2e711ee8f215106480d620b2dfb",
    "https://deno.land/x/deno_slack_api@2.1.0/typed-method-types/workflows/triggers/event-data/pin_removed.ts": "98bb6481b1867f9715336a805bef20e6147fb9432c3d4d81768213d40893e634",
    "https://deno.land/x/deno_slack_api@2.1.0/typed-method-types/workflows/triggers/event-data/reaction_added.ts": "14ce1aa89ff46ff81a319c2d073c80b0d625d65d7a73be490f2bf59839e8b2bd",
    "https://deno.land/x/deno_slack_api@2.1.0/typed-method-types/workflows/triggers/event-data/reaction_removed.ts": "41dd4d3332552189882a781bd80df221c8f3043299c41b2a9f8503476f41d877",
    "https://deno.land/x/deno_slack_api@2.1.0/typed-method-types/workflows/triggers/event-data/shared_channel_invite_accepted.ts": "04bb41a6676cdba2afde3e4fd2f82d87e01ae52fed2c9754c15b87851ce8d47a",
    "https://deno.land/x/deno_slack_api@2.1.0/typed-method-types/workflows/triggers/event-data/shared_channel_invite_approved.ts": "205215d4517bef91fc62d12e8fcf86bd8a5a04775fb5a1d28d09149e6d952afa",
    "https://deno.land/x/deno_slack_api@2.1.0/typed-method-types/workflows/triggers/event-data/shared_channel_invite_declined.ts": "c2ae4b554e9ded29af3fc72f7152fab976df8f30115e04399ba5fa1f00bf80fb",
    "https://deno.land/x/deno_slack_api@2.1.0/typed-method-types/workflows/triggers/event-data/shared_channel_invite_received.ts": "97f9424c2fe9a24edb7045fe3a403683c5e614151f8cfcf2d15d416e55f4c6a0",
    "https://deno.land/x/deno_slack_api@2.1.0/typed-method-types/workflows/triggers/event-data/user_joined_channel.ts": "ce82ef7ab46bc402f354f73e68e9331eebac424ab2f114d012058ab595b3493d",
    "https://deno.land/x/deno_slack_api@2.1.0/typed-method-types/workflows/triggers/event-data/user_joined_team.ts": "eba24a5c678b844815e3fe823b750af8e79d1cda7afd6162e21037f9aaeaa588",
    "https://deno.land/x/deno_slack_api@2.1.0/typed-method-types/workflows/triggers/event-data/user_left_channel.ts": "df3ee3177d1b29939f47d0d5f81789fbd7289cef67ff1e261c5e493a36f284f2",
    "https://deno.land/x/deno_slack_api@2.1.0/typed-method-types/workflows/triggers/event.ts": "ebd55f95280a4011e28c3eeef12a14fee033d81b3c3c2c405f361458b0441490",
    "https://deno.land/x/deno_slack_api@2.1.0/typed-method-types/workflows/triggers/inputs.ts": "0262a55ed2b2f6ca6f496cc2cac6aab8b108e7e0d7ad41d7db7ebb7c33b16f4a",
    "https://deno.land/x/deno_slack_api@2.1.0/typed-method-types/workflows/triggers/mod.ts": "551e19f79f31c3dd6f53a158e56600be9c5a94757e3fb20b772ed6665da9ad65",
    "https://deno.land/x/deno_slack_api@2.1.0/typed-method-types/workflows/triggers/scheduled-data.ts": "6f5a52e751f0f088a27e18be1b708596cb2a3cf9067bbf64c8e4e18daac7af54",
    "https://deno.land/x/deno_slack_api@2.1.0/typed-method-types/workflows/triggers/scheduled.ts": "bad94b33dfec0c6b0527a70b9ca1ecb804380460d294a61b016cc0750580506f",
    "https://deno.land/x/deno_slack_api@2.1.0/typed-method-types/workflows/triggers/shortcut-data.ts": "e2ca9bb495b439a7250f46f4bafb25217e112de71ab9eb937fff5b866f32ab7b",
    "https://deno.land/x/deno_slack_api@2.1.0/typed-method-types/workflows/triggers/shortcut.ts": "062a7bc4806b24a673c10ee55310f41275511871e077a8019633c9647cba0672",
    "https://deno.land/x/deno_slack_api@2.1.0/typed-method-types/workflows/triggers/trigger-event-types.ts": "e2c315e208d8b8d076282ed292b213a1d555e99217000f0988ce8225e98c5296",
    "https://deno.land/x/deno_slack_api@2.1.0/typed-method-types/workflows/triggers/trigger-filter.ts": "db0583587e893b9dd4e30e1e413c5b177ac032c9053510bcdbd3d099b23130b6",
    "https://deno.land/x/deno_slack_api@2.1.0/typed-method-types/workflows/triggers/webhook.ts": "88463d97d23cefbb665fc67f7e6c86497654d59cda6bdba9749d16fdac5c5427",
    "https://deno.land/x/deno_slack_api@2.1.0/types.ts": "092319fbe26d5e26b7289c3a3efcbf8c5be7f3e69727a0ee09808503f0719026"
  }
}
